<?xml version="1.0" encoding="utf-8"?>
<Project ToolsVersion="4.0" xmlns="http://schemas.microsoft.com/developer/msbuild/2003">
  <ItemGroup>
    <Filter Include="Source Files">
      <UniqueIdentifier>{4FC737F1-C7A5-4376-A066-2A32D752A2FF}</UniqueIdentifier>
      <Extensions>cpp;c;cc;cxx;def;odl;idl;hpj;bat;asm;asmx</Extensions>
    </Filter>
    <Filter Include="Header Files">
      <UniqueIdentifier>{93995380-89BD-4b04-88EB-625FBE52EBFB}</UniqueIdentifier>
      <Extensions>h;hpp;hxx;hm;inl;inc;xsd</Extensions>
    </Filter>
    <Filter Include="Resource Files">
      <UniqueIdentifier>{67DA6AB6-F800-4c08-8B7A-83BB121AAD01}</UniqueIdentifier>
      <Extensions>rc;ico;cur;bmp;dlg;rc2;rct;bin;rgs;gif;jpg;jpeg;jpe;resx;tiff;tif;png;wav;mfcribbon-ms</Extensions>
    </Filter>
    <Filter Include="dcapi">
      <UniqueIdentifier>{6d61d347-8e59-4c86-87ef-ff9bb24074eb}</UniqueIdentifier>
    </Filter>
  </ItemGroup>
  <ItemGroup>
    <ClInclude Include="targetver.h">
      <Filter>Header Files</Filter>
    </ClInclude>
    <ClInclude Include="Utilities.h">
      <Filter>Header Files</Filter>
    </ClInclude>
    <ClInclude Include="DataTypes.h">
      <Filter>Header Files</Filter>
    </ClInclude>
    <ClInclude Include="DCPluginSink.h">
      <Filter>Header Files</Filter>
    </ClInclude>
    <ClInclude Include="Marshalling.h">
      <Filter>Header Files</Filter>
    </ClInclude>
    <ClInclude Include="Plugin.h">
      <Filter>Header Files</Filter>
    </ClInclude>
    <ClInclude Include="PluginBase.h">
      <Filter>Header Files</Filter>
    </ClInclude>
    <ClInclude Include="PluginHelper.h">
      <Filter>Header Files</Filter>
    </ClInclude>
    <ClInclude Include="PluginInformation.h">
      <Filter>Header Files</Filter>
    </ClInclude>
    <ClInclude Include="PythonCallbacks.h">
      <Filter>Header Files</Filter>
    </ClInclude>
    <ClInclude Include="PythonManagement.h">
      <Filter>Header Files</Filter>
    </ClInclude>
    <ClInclude Include="version.h">
      <Filter>Header Files</Filter>
    </ClInclude>
  </ItemGroup>
  <ItemGroup>
    <ClCompile Include="DCPluginSink.cpp">
      <Filter>Source Files</Filter>
    </ClCompile>
    <ClCompile Include="Marshalling.cpp">
      <Filter>Source Files</Filter>
    </ClCompile>
    <ClCompile Include="PythonCallbacks.cpp">
      <Filter>Source Files</Filter>
    </ClCompile>
    <ClCompile Include="PythonManagement.cpp">
      <Filter>Source Files</Filter>
    </ClCompile>
    <ClCompile Include="PluginBase.cpp">
      <Filter>Source Files</Filter>
    </ClCompile>
    <ClCompile Include="PluginHelper.cpp">
      <Filter>Source Files</Filter>
    </ClCompile>
    <ClCompile Include="..\dcapi\Config.cpp">
      <Filter>dcapi</Filter>
    </ClCompile>
    <ClCompile Include="..\dcapi\Connections.cpp">
      <Filter>dcapi</Filter>
    </ClCompile>
    <ClCompile Include="..\dcapi\Core.cpp">
      <Filter>dcapi</Filter>
    </ClCompile>
    <ClCompile Include="..\dcapi\Hooks.cpp">
      <Filter>dcapi</Filter>
    </ClCompile>
    <ClCompile Include="..\dcapi\Hubs.cpp">
      <Filter>dcapi</Filter>
    </ClCompile>
    <ClCompile Include="..\dcapi\Logger.cpp">
      <Filter>dcapi</Filter>
    </ClCompile>
    <ClCompile Include="..\dcapi\Queue.cpp">
      <Filter>dcapi</Filter>
    </ClCompile>
    <ClCompile Include="..\dcapi\Tagger.cpp">
      <Filter>dcapi</Filter>
    </ClCompile>
    <ClCompile Include="..\dcapi\UI.cpp">
      <Filter>dcapi</Filter>
    </ClCompile>
    <ClCompile Include="..\dcapi\Util.cpp">
      <Filter>dcapi</Filter>
    </ClCompile>
    <ClCompile Include="Plugin.cpp">
      <Filter>Source Files</Filter>
    </ClCompile>
    <ClCompile Include="main.cpp">
      <Filter>Source Files</Filter>
    </ClCompile>
    <ClCompile Include="Utilities.cpp">
      <Filter>Source Files</Filter>
    </ClCompile>
  </ItemGroup>
  <ItemGroup>
    <ResourceCompile Include="PythonPlugin_27.rc">
      <Filter>Resource Files</Filter>
    </ResourceCompile>
  </ItemGroup>
</Project>